
Microsoft Visual Studio Solution File, Format Version 12.00
# Visual Studio Version 17
VisualStudioVersion = 17.12.35527.113
MinimumVisualStudioVersion = 10.0.40219.1
Project("{FAE04EC0-301F-11D3-BF4B-00C04F79EFBC}") = "CaorenCup", "CaorenCup.csproj", "{EFDF37FD-DBAA-43FA-A501-DB25487DF277}"
EndProject
Project("{2150E333-8FDC-42A3-9474-1A3956D46DE8}") = "PluginSplit", "PluginSplit", "{D513A1E4-FA4C-B951-467E-AEC32A2E8A31}"
EndProject
Project("{FAE04EC0-301F-11D3-BF4B-00C04F79EFBC}") = "CaorenCupContracts", "PluginSplit\CaorenCupContracts\CaorenCupContracts.csproj", "{42158F04-F224-43B2-AB25-F2F5BA89B5DC}"
EndProject
Project("{FAE04EC0-301F-11D3-BF4B-00C04F79EFBC}") = "CaorenCupCore", "PluginSplit\CaorenCupCore\CaorenCupCore.csproj", "{F550E2CC-C0BE-481B-8EF9-DCCE1FB2724E}"
EndProject
Project("{FAE04EC0-301F-11D3-BF4B-00C04F79EFBC}") = "CaorenCupGamemode_RUSH", "PluginSplit\CaorenCupGamemode_RUSH\CaorenCupGamemode_RUSH.csproj", "{21ED0D5F-CB01-42D2-9719-B547F0D4FE75}"
EndProject
Project("{FAE04EC0-301F-11D3-BF4B-00C04F79EFBC}") = "CaorenCupQOL_RadarColor", "PluginSplit\CaorenCupQOL_RadarColor\CaorenCupQOL_RadarColor.csproj", "{6F537CE7-47B4-431B-8E7E-CFCEF7C0573E}"
EndProject
Project("{FAE04EC0-301F-11D3-BF4B-00C04F79EFBC}") = "CaorenCupQOL_PlaySound", "PluginSplit\CaorenCupQOL_PlaySound\CaorenCupQOL_PlaySound.csproj", "{69C7D841-5E2D-4C48-BA57-30CEE2D90C2B}"
EndProject
Project("{FAE04EC0-301F-11D3-BF4B-00C04F79EFBC}") = "CaorenCupQOL_Alias", "PluginSplit\CaorenCupQOL_Alias\CaorenCupQOL_Alias.csproj", "{BE75F33D-5048-47FA-BE9B-CB1ABED84DD9}"
EndProject
Project("{FAE04EC0-301F-11D3-BF4B-00C04F79EFBC}") = "CaorenCupQOL_SimpleHP", "PluginSplit\CaorenCupQOL_SimpleHP\CaorenCupQOL_SimpleHP.csproj", "{0B36EF8F-FB9F-47DE-8B6C-0CF491E480CC}"
EndProject
Project("{FAE04EC0-301F-11D3-BF4B-00C04F79EFBC}") = "CaorenCupInGameMenu", "PluginSplit\CaorenCupInGameMenu\CaorenCupInGameMenu.csproj", "{43CEC17E-E6FA-4EFF-8115-0256992468E6}"
EndProject
Project("{FAE04EC0-301F-11D3-BF4B-00C04F79EFBC}") = "CaorenCup.GamePlugin.Tests", "..\game-plugin.Tests\CaorenCup.GamePlugin.Tests.csproj", "{9609508F-14D4-41A7-AD4B-5D2D0169DE1A}"
EndProject
Project("{FAE04EC0-301F-11D3-BF4B-00C04F79EFBC}") = "CaorenCupGamemode_Competitive", "PluginSplit\CaorenCupGamemode_Competitive\CaorenCupGamemode_Competitive.csproj", "{21912D13-4293-4126-A166-C97149256D94}"
EndProject
Global
	GlobalSection(SolutionConfigurationPlatforms) = preSolution
		Debug|Any CPU = Debug|Any CPU
		Debug|x64 = Debug|x64
		Debug|x86 = Debug|x86
		Release|Any CPU = Release|Any CPU
		Release|x64 = Release|x64
		Release|x86 = Release|x86
	EndGlobalSection
	GlobalSection(ProjectConfigurationPlatforms) = postSolution
		{EFDF37FD-DBAA-43FA-A501-DB25487DF277}.Debug|Any CPU.ActiveCfg = Debug|Any CPU
		{EFDF37FD-DBAA-43FA-A501-DB25487DF277}.Debug|Any CPU.Build.0 = Debug|Any CPU
		{EFDF37FD-DBAA-43FA-A501-DB25487DF277}.Debug|x64.ActiveCfg = Debug|Any CPU
		{EFDF37FD-DBAA-43FA-A501-DB25487DF277}.Debug|x64.Build.0 = Debug|Any CPU
		{EFDF37FD-DBAA-43FA-A501-DB25487DF277}.Debug|x86.ActiveCfg = Debug|Any CPU
		{EFDF37FD-DBAA-43FA-A501-DB25487DF277}.Debug|x86.Build.0 = Debug|Any CPU
		{EFDF37FD-DBAA-43FA-A501-DB25487DF277}.Release|Any CPU.ActiveCfg = Release|Any CPU
		{EFDF37FD-DBAA-43FA-A501-DB25487DF277}.Release|Any CPU.Build.0 = Release|Any CPU
		{EFDF37FD-DBAA-43FA-A501-DB25487DF277}.Release|x64.ActiveCfg = Release|Any CPU
		{EFDF37FD-DBAA-43FA-A501-DB25487DF277}.Release|x64.Build.0 = Release|Any CPU
		{EFDF37FD-DBAA-43FA-A501-DB25487DF277}.Release|x86.ActiveCfg = Release|Any CPU
		{EFDF37FD-DBAA-43FA-A501-DB25487DF277}.Release|x86.Build.0 = Release|Any CPU
		{42158F04-F224-43B2-AB25-F2F5BA89B5DC}.Debug|Any CPU.ActiveCfg = Debug|Any CPU
		{42158F04-F224-43B2-AB25-F2F5BA89B5DC}.Debug|Any CPU.Build.0 = Debug|Any CPU
		{42158F04-F224-43B2-AB25-F2F5BA89B5DC}.Debug|x64.ActiveCfg = Debug|Any CPU
		{42158F04-F224-43B2-AB25-F2F5BA89B5DC}.Debug|x64.Build.0 = Debug|Any CPU
		{42158F04-F224-43B2-AB25-F2F5BA89B5DC}.Debug|x86.ActiveCfg = Debug|Any CPU
		{42158F04-F224-43B2-AB25-F2F5BA89B5DC}.Debug|x86.Build.0 = Debug|Any CPU
		{42158F04-F224-43B2-AB25-F2F5BA89B5DC}.Release|Any CPU.ActiveCfg = Release|Any CPU
		{42158F04-F224-43B2-AB25-F2F5BA89B5DC}.Release|Any CPU.Build.0 = Release|Any CPU
		{42158F04-F224-43B2-AB25-F2F5BA89B5DC}.Release|x64.ActiveCfg = Release|Any CPU
		{42158F04-F224-43B2-AB25-F2F5BA89B5DC}.Release|x64.Build.0 = Release|Any CPU
		{42158F04-F224-43B2-AB25-F2F5BA89B5DC}.Release|x86.ActiveCfg = Release|Any CPU
		{42158F04-F224-43B2-AB25-F2F5BA89B5DC}.Release|x86.Build.0 = Release|Any CPU
		{F550E2CC-C0BE-481B-8EF9-DCCE1FB2724E}.Debug|Any CPU.ActiveCfg = Debug|Any CPU
		{F550E2CC-C0BE-481B-8EF9-DCCE1FB2724E}.Debug|Any CPU.Build.0 = Debug|Any CPU
		{F550E2CC-C0BE-481B-8EF9-DCCE1FB2724E}.Debug|x64.ActiveCfg = Debug|Any CPU
		{F550E2CC-C0BE-481B-8EF9-DCCE1FB2724E}.Debug|x64.Build.0 = Debug|Any CPU
		{F550E2CC-C0BE-481B-8EF9-DCCE1FB2724E}.Debug|x86.ActiveCfg = Debug|Any CPU
		{F550E2CC-C0BE-481B-8EF9-DCCE1FB2724E}.Debug|x86.Build.0 = Debug|Any CPU
		{F550E2CC-C0BE-481B-8EF9-DCCE1FB2724E}.Release|Any CPU.ActiveCfg = Release|Any CPU
		{F550E2CC-C0BE-481B-8EF9-DCCE1FB2724E}.Release|Any CPU.Build.0 = Release|Any CPU
		{F550E2CC-C0BE-481B-8EF9-DCCE1FB2724E}.Release|x64.ActiveCfg = Release|Any CPU
		{F550E2CC-C0BE-481B-8EF9-DCCE1FB2724E}.Release|x64.Build.0 = Release|Any CPU
		{F550E2CC-C0BE-481B-8EF9-DCCE1FB2724E}.Release|x86.ActiveCfg = Release|Any CPU
		{F550E2CC-C0BE-481B-8EF9-DCCE1FB2724E}.Release|x86.Build.0 = Release|Any CPU
		{21ED0D5F-CB01-42D2-9719-B547F0D4FE75}.Debug|Any CPU.ActiveCfg = Debug|Any CPU
		{21ED0D5F-CB01-42D2-9719-B547F0D4FE75}.Debug|Any CPU.Build.0 = Debug|Any CPU
		{21ED0D5F-CB01-42D2-9719-B547F0D4FE75}.Debug|x64.ActiveCfg = Debug|Any CPU
		{21ED0D5F-CB01-42D2-9719-B547F0D4FE75}.Debug|x64.Build.0 = Debug|Any CPU
		{21ED0D5F-CB01-42D2-9719-B547F0D4FE75}.Debug|x86.ActiveCfg = Debug|Any CPU
		{21ED0D5F-CB01-42D2-9719-B547F0D4FE75}.Debug|x86.Build.0 = Debug|Any CPU
		{21ED0D5F-CB01-42D2-9719-B547F0D4FE75}.Release|Any CPU.ActiveCfg = Release|Any CPU
		{21ED0D5F-CB01-42D2-9719-B547F0D4FE75}.Release|Any CPU.Build.0 = Release|Any CPU
		{21ED0D5F-CB01-42D2-9719-B547F0D4FE75}.Release|x64.ActiveCfg = Release|Any CPU
		{21ED0D5F-CB01-42D2-9719-B547F0D4FE75}.Release|x64.Build.0 = Release|Any CPU
		{21ED0D5F-CB01-42D2-9719-B547F0D4FE75}.Release|x86.ActiveCfg = Release|Any CPU
		{21ED0D5F-CB01-42D2-9719-B547F0D4FE75}.Release|x86.Build.0 = Release|Any CPU
		{6F537CE7-47B4-431B-8E7E-CFCEF7C0573E}.Debug|Any CPU.ActiveCfg = Debug|Any CPU
		{6F537CE7-47B4-431B-8E7E-CFCEF7C0573E}.Debug|Any CPU.Build.0 = Debug|Any CPU
		{6F537CE7-47B4-431B-8E7E-CFCEF7C0573E}.Debug|x64.ActiveCfg = Debug|Any CPU
		{6F537CE7-47B4-431B-8E7E-CFCEF7C0573E}.Debug|x64.Build.0 = Debug|Any CPU
		{6F537CE7-47B4-431B-8E7E-CFCEF7C0573E}.Debug|x86.ActiveCfg = Debug|Any CPU
		{6F537CE7-47B4-431B-8E7E-CFCEF7C0573E}.Debug|x86.Build.0 = Debug|Any CPU
		{6F537CE7-47B4-431B-8E7E-CFCEF7C0573E}.Release|Any CPU.ActiveCfg = Release|Any CPU
		{6F537CE7-47B4-431B-8E7E-CFCEF7C0573E}.Release|Any CPU.Build.0 = Release|Any CPU
		{6F537CE7-47B4-431B-8E7E-CFCEF7C0573E}.Release|x64.ActiveCfg = Release|Any CPU
		{6F537CE7-47B4-431B-8E7E-CFCEF7C0573E}.Release|x64.Build.0 = Release|Any CPU
		{6F537CE7-47B4-431B-8E7E-CFCEF7C0573E}.Release|x86.ActiveCfg = Release|Any CPU
		{6F537CE7-47B4-431B-8E7E-CFCEF7C0573E}.Release|x86.Build.0 = Release|Any CPU
		{69C7D841-5E2D-4C48-BA57-30CEE2D90C2B}.Debug|Any CPU.ActiveCfg = Debug|Any CPU
		{69C7D841-5E2D-4C48-BA57-30CEE2D90C2B}.Debug|Any CPU.Build.0 = Debug|Any CPU
		{69C7D841-5E2D-4C48-BA57-30CEE2D90C2B}.Debug|x64.ActiveCfg = Debug|Any CPU
		{69C7D841-5E2D-4C48-BA57-30CEE2D90C2B}.Debug|x64.Build.0 = Debug|Any CPU
		{69C7D841-5E2D-4C48-BA57-30CEE2D90C2B}.Debug|x86.ActiveCfg = Debug|Any CPU
		{69C7D841-5E2D-4C48-BA57-30CEE2D90C2B}.Debug|x86.Build.0 = Debug|Any CPU
		{69C7D841-5E2D-4C48-BA57-30CEE2D90C2B}.Release|Any CPU.ActiveCfg = Release|Any CPU
		{69C7D841-5E2D-4C48-BA57-30CEE2D90C2B}.Release|Any CPU.Build.0 = Release|Any CPU
		{69C7D841-5E2D-4C48-BA57-30CEE2D90C2B}.Release|x64.ActiveCfg = Release|Any CPU
		{69C7D841-5E2D-4C48-BA57-30CEE2D90C2B}.Release|x64.Build.0 = Release|Any CPU
		{69C7D841-5E2D-4C48-BA57-30CEE2D90C2B}.Release|x86.ActiveCfg = Release|Any CPU
		{69C7D841-5E2D-4C48-BA57-30CEE2D90C2B}.Release|x86.Build.0 = Release|Any CPU
		{BE75F33D-5048-47FA-BE9B-CB1ABED84DD9}.Debug|Any CPU.ActiveCfg = Debug|Any CPU
		{BE75F33D-5048-47FA-BE9B-CB1ABED84DD9}.Debug|Any CPU.Build.0 = Debug|Any CPU
		{BE75F33D-5048-47FA-BE9B-CB1ABED84DD9}.Debug|x64.ActiveCfg = Debug|Any CPU
		{BE75F33D-5048-47FA-BE9B-CB1ABED84DD9}.Debug|x64.Build.0 = Debug|Any CPU
		{BE75F33D-5048-47FA-BE9B-CB1ABED84DD9}.Debug|x86.ActiveCfg = Debug|Any CPU
		{BE75F33D-5048-47FA-BE9B-CB1ABED84DD9}.Debug|x86.Build.0 = Debug|Any CPU
		{BE75F33D-5048-47FA-BE9B-CB1ABED84DD9}.Release|Any CPU.ActiveCfg = Release|Any CPU
		{BE75F33D-5048-47FA-BE9B-CB1ABED84DD9}.Release|Any CPU.Build.0 = Release|Any CPU
		{BE75F33D-5048-47FA-BE9B-CB1ABED84DD9}.Release|x64.ActiveCfg = Release|Any CPU
		{BE75F33D-5048-47FA-BE9B-CB1ABED84DD9}.Release|x64.Build.0 = Release|Any CPU
		{BE75F33D-5048-47FA-BE9B-CB1ABED84DD9}.Release|x86.ActiveCfg = Release|Any CPU
		{BE75F33D-5048-47FA-BE9B-CB1ABED84DD9}.Release|x86.Build.0 = Release|Any CPU
		{0B36EF8F-FB9F-47DE-8B6C-0CF491E480CC}.Debug|Any CPU.ActiveCfg = Debug|Any CPU
		{0B36EF8F-FB9F-47DE-8B6C-0CF491E480CC}.Debug|Any CPU.Build.0 = Debug|Any CPU
		{0B36EF8F-FB9F-47DE-8B6C-0CF491E480CC}.Debug|x64.ActiveCfg = Debug|Any CPU
		{0B36EF8F-FB9F-47DE-8B6C-0CF491E480CC}.Debug|x64.Build.0 = Debug|Any CPU
		{0B36EF8F-FB9F-47DE-8B6C-0CF491E480CC}.Debug|x86.ActiveCfg = Debug|Any CPU
		{0B36EF8F-FB9F-47DE-8B6C-0CF491E480CC}.Debug|x86.Build.0 = Debug|Any CPU
		{0B36EF8F-FB9F-47DE-8B6C-0CF491E480CC}.Release|Any CPU.ActiveCfg = Release|Any CPU
		{0B36EF8F-FB9F-47DE-8B6C-0CF491E480CC}.Release|Any CPU.Build.0 = Release|Any CPU
		{0B36EF8F-FB9F-47DE-8B6C-0CF491E480CC}.Release|x64.ActiveCfg = Release|Any CPU
		{0B36EF8F-FB9F-47DE-8B6C-0CF491E480CC}.Release|x64.Build.0 = Release|Any CPU
		{0B36EF8F-FB9F-47DE-8B6C-0CF491E480CC}.Release|x86.ActiveCfg = Release|Any CPU
		{0B36EF8F-FB9F-47DE-8B6C-0CF491E480CC}.Release|x86.Build.0 = Release|Any CPU
		{43CEC17E-E6FA-4EFF-8115-0256992468E6}.Debug|Any CPU.ActiveCfg = Debug|Any CPU
		{43CEC17E-E6FA-4EFF-8115-0256992468E6}.Debug|Any CPU.Build.0 = Debug|Any CPU
		{43CEC17E-E6FA-4EFF-8115-0256992468E6}.Debug|x64.ActiveCfg = Debug|Any CPU
		{43CEC17E-E6FA-4EFF-8115-0256992468E6}.Debug|x64.Build.0 = Debug|Any CPU
		{43CEC17E-E6FA-4EFF-8115-0256992468E6}.Debug|x86.ActiveCfg = Debug|Any CPU
		{43CEC17E-E6FA-4EFF-8115-0256992468E6}.Debug|x86.Build.0 = Debug|Any CPU
		{43CEC17E-E6FA-4EFF-8115-0256992468E6}.Release|Any CPU.ActiveCfg = Release|Any CPU
		{43CEC17E-E6FA-4EFF-8115-0256992468E6}.Release|Any CPU.Build.0 = Release|Any CPU
		{43CEC17E-E6FA-4EFF-8115-0256992468E6}.Release|x64.ActiveCfg = Release|Any CPU
		{43CEC17E-E6FA-4EFF-8115-0256992468E6}.Release|x64.Build.0 = Release|Any CPU
		{43CEC17E-E6FA-4EFF-8115-0256992468E6}.Release|x86.ActiveCfg = Release|Any CPU
		{43CEC17E-E6FA-4EFF-8115-0256992468E6}.Release|x86.Build.0 = Release|Any CPU
		{9609508F-14D4-41A7-AD4B-5D2D0169DE1A}.Debug|Any CPU.ActiveCfg = Debug|Any CPU
		{9609508F-14D4-41A7-AD4B-5D2D0169DE1A}.Debug|Any CPU.Build.0 = Debug|Any CPU
		{9609508F-14D4-41A7-AD4B-5D2D0169DE1A}.Debug|x64.ActiveCfg = Debug|Any CPU
		{9609508F-14D4-41A7-AD4B-5D2D0169DE1A}.Debug|x64.Build.0 = Debug|Any CPU
		{9609508F-14D4-41A7-AD4B-5D2D0169DE1A}.Debug|x86.ActiveCfg = Debug|Any CPU
		{9609508F-14D4-41A7-AD4B-5D2D0169DE1A}.Debug|x86.Build.0 = Debug|Any CPU
		{9609508F-14D4-41A7-AD4B-5D2D0169DE1A}.Release|Any CPU.ActiveCfg = Release|Any CPU
		{9609508F-14D4-41A7-AD4B-5D2D0169DE1A}.Release|Any CPU.Build.0 = Release|Any CPU
		{9609508F-14D4-41A7-AD4B-5D2D0169DE1A}.Release|x64.ActiveCfg = Release|Any CPU
		{9609508F-14D4-41A7-AD4B-5D2D0169DE1A}.Release|x64.Build.0 = Release|Any CPU
		{9609508F-14D4-41A7-AD4B-5D2D0169DE1A}.Release|x86.ActiveCfg = Release|Any CPU
		{9609508F-14D4-41A7-AD4B-5D2D0169DE1A}.Release|x86.Build.0 = Release|Any CPU
		{21912D13-4293-4126-A166-C97149256D94}.Debug|Any CPU.ActiveCfg = Debug|Any CPU
		{21912D13-4293-4126-A166-C97149256D94}.Debug|Any CPU.Build.0 = Debug|Any CPU
		{21912D13-4293-4126-A166-C97149256D94}.Debug|x64.ActiveCfg = Debug|Any CPU
		{21912D13-4293-4126-A166-C97149256D94}.Debug|x64.Build.0 = Debug|Any CPU
		{21912D13-4293-4126-A166-C97149256D94}.Debug|x86.ActiveCfg = Debug|Any CPU
		{21912D13-4293-4126-A166-C97149256D94}.Debug|x86.Build.0 = Debug|Any CPU
		{21912D13-4293-4126-A166-C97149256D94}.Release|Any CPU.ActiveCfg = Release|Any CPU
		{21912D13-4293-4126-A166-C97149256D94}.Release|Any CPU.Build.0 = Release|Any CPU
		{21912D13-4293-4126-A166-C97149256D94}.Release|x64.ActiveCfg = Release|Any CPU
		{21912D13-4293-4126-A166-C97149256D94}.Release|x64.Build.0 = Release|Any CPU
		{21912D13-4293-4126-A166-C97149256D94}.Release|x86.ActiveCfg = Release|Any CPU
		{21912D13-4293-4126-A166-C97149256D94}.Release|x86.Build.0 = Release|Any CPU
	EndGlobalSection
	GlobalSection(SolutionProperties) = preSolution
		HideSolutionNode = FALSE
	EndGlobalSection
	GlobalSection(NestedProjects) = preSolution
		{42158F04-F224-43B2-AB25-F2F5BA89B5DC} = {D513A1E4-FA4C-B951-467E-AEC32A2E8A31}
		{F550E2CC-C0BE-481B-8EF9-DCCE1FB2724E} = {D513A1E4-FA4C-B951-467E-AEC32A2E8A31}
		{21ED0D5F-CB01-42D2-9719-B547F0D4FE75} = {D513A1E4-FA4C-B951-467E-AEC32A2E8A31}
		{6F537CE7-47B4-431B-8E7E-CFCEF7C0573E} = {D513A1E4-FA4C-B951-467E-AEC32A2E8A31}
		{69C7D841-5E2D-4C48-BA57-30CEE2D90C2B} = {D513A1E4-FA4C-B951-467E-AEC32A2E8A31}
		{BE75F33D-5048-47FA-BE9B-CB1ABED84DD9} = {D513A1E4-FA4C-B951-467E-AEC32A2E8A31}
		{0B36EF8F-FB9F-47DE-8B6C-0CF491E480CC} = {D513A1E4-FA4C-B951-467E-AEC32A2E8A31}
		{43CEC17E-E6FA-4EFF-8115-0256992468E6} = {D513A1E4-FA4C-B951-467E-AEC32A2E8A31}
		{21912D13-4293-4126-A166-C97149256D94} = {D513A1E4-FA4C-B951-467E-AEC32A2E8A31}
	EndGlobalSection
EndGlobal
